lockfileVersion: '9.0'

settings:
  autoInstallPeers: true
  excludeLinksFromLockfile: false

importers:

  .:
    dependencies:
      react-xtermjs:
        specifier: ^1.0.9
        version: 1.0.9(@xterm/xterm@5.5.0)

packages:

  '@xterm/xterm@5.5.0':
    resolution: {integrity: sha512-hqJHYaQb5OptNunnyAnkHyM8aCjZ1MEIDTQu1iIbbTD/xops91NB5yq1ZK/dC2JDbVWtF23zUtl9JE2NqwT87A==}

  react-xtermjs@1.0.9:
    resolution: {integrity: sha512-lrK1xiWfgxAC+4shtMHh0Irxg2t5t7JbTtpP0W7GIf1gQ9SHW/djmyiLpQSA75mN1DpT0bKeqj1fOKd0XX8RBA==}
    peerDependencies:
      '@xterm/xterm': ^5.5.0

snapshots:

  '@xterm/xterm@5.5.0': {}

  react-xtermjs@1.0.9(@xterm/xterm@5.5.0):
    dependencies:
      '@xterm/xterm': 5.5.0
